
Microsoft Visual Studio Solution File, Format Version 12.00
# Visual Studio 15
VisualStudioVersion = 15.0.27130.2027
MinimumVisualStudioVersion = 10.0.40219.1
Project("{9A19103F-16F7-4668-BE54-9A1E7A4F7556}") = "StarWars1_Interface", "StarWars1\StarWars1_Interface.csproj", "{1DAB2AD6-F63B-404B-846F-DB8A324F74D1}"
EndProject
Project("{FAE04EC0-301F-11D3-BF4B-00C04F79EFBC}") = "StarWars2_Delegate", "StarWars2_Delegate\StarWars2_Delegate.csproj", "{B3B78498-E49A-48B7-BFDA-1A3CBA3CB164}"
EndProject
Project("{FAE04EC0-301F-11D3-BF4B-00C04F79EFBC}") = "StarWars3_Event", "StarWars3_Event\StarWars3_Event.csproj", "{40248734-D9D0-41B5-A3D7-9FBB3C3AD954}"
EndProject
Global
	GlobalSection(SolutionConfigurationPlatforms) = preSolution
		Debug|Any CPU = Debug|Any CPU
		Release|Any CPU = Release|Any CPU
	EndGlobalSection
	GlobalSection(ProjectConfigurationPlatforms) = postSolution
		{1DAB2AD6-F63B-404B-846F-DB8A324F74D1}.Debug|Any CPU.ActiveCfg = Debug|Any CPU
		{1DAB2AD6-F63B-404B-846F-DB8A324F74D1}.Debug|Any CPU.Build.0 = Debug|Any CPU
		{1DAB2AD6-F63B-404B-846F-DB8A324F74D1}.Release|Any CPU.ActiveCfg = Release|Any CPU
		{1DAB2AD6-F63B-404B-846F-DB8A324F74D1}.Release|Any CPU.Build.0 = Release|Any CPU
		{B3B78498-E49A-48B7-BFDA-1A3CBA3CB164}.Debug|Any CPU.ActiveCfg = Debug|Any CPU
		{B3B78498-E49A-48B7-BFDA-1A3CBA3CB164}.Debug|Any CPU.Build.0 = Debug|Any CPU
		{B3B78498-E49A-48B7-BFDA-1A3CBA3CB164}.Release|Any CPU.ActiveCfg = Release|Any CPU
		{B3B78498-E49A-48B7-BFDA-1A3CBA3CB164}.Release|Any CPU.Build.0 = Release|Any CPU
		{40248734-D9D0-41B5-A3D7-9FBB3C3AD954}.Debug|Any CPU.ActiveCfg = Debug|Any CPU
		{40248734-D9D0-41B5-A3D7-9FBB3C3AD954}.Debug|Any CPU.Build.0 = Debug|Any CPU
		{40248734-D9D0-41B5-A3D7-9FBB3C3AD954}.Release|Any CPU.ActiveCfg = Release|Any CPU
		{40248734-D9D0-41B5-A3D7-9FBB3C3AD954}.Release|Any CPU.Build.0 = Release|Any CPU
	EndGlobalSection
	GlobalSection(SolutionProperties) = preSolution
		HideSolutionNode = FALSE
	EndGlobalSection
	GlobalSection(ExtensibilityGlobals) = postSolution
		SolutionGuid = {82BF9DB8-0077-4D92-A30A-46BF5BC75026}
	EndGlobalSection
EndGlobal
