
Microsoft Visual Studio Solution File, Format Version 12.00
# Visual Studio 15
VisualStudioVersion = 15.0.28307.572
MinimumVisualStudioVersion = 10.0.40219.1
Project("{FAE04EC0-301F-11D3-BF4B-00C04F79EFBC}") = "Web0101WebAPI", "Web0101WebAPI\Web0101WebAPI.csproj", "{7894274F-4195-49B0-90A3-D8A0C8A6E92A}"
EndProject
Global
	GlobalSection(SolutionConfigurationPlatforms) = preSolution
		Debug|Any CPU = Debug|Any CPU
		Release|Any CPU = Release|Any CPU
	EndGlobalSection
	GlobalSection(ProjectConfigurationPlatforms) = postSolution
		{7894274F-4195-49B0-90A3-D8A0C8A6E92A}.Debug|Any CPU.ActiveCfg = Debug|Any CPU
		{7894274F-4195-49B0-90A3-D8A0C8A6E92A}.Debug|Any CPU.Build.0 = Debug|Any CPU
		{7894274F-4195-49B0-90A3-D8A0C8A6E92A}.Release|Any CPU.ActiveCfg = Release|Any CPU
		{7894274F-4195-49B0-90A3-D8A0C8A6E92A}.Release|Any CPU.Build.0 = Release|Any CPU
	EndGlobalSection
	GlobalSection(SolutionProperties) = preSolution
		HideSolutionNode = FALSE
	EndGlobalSection
	GlobalSection(ExtensibilityGlobals) = postSolution
		SolutionGuid = {16C42CB1-CE8B-4D2E-9AD8-F67EF41D342F}
	EndGlobalSection
EndGlobal
