
Microsoft Visual Studio Solution File, Format Version 12.00
# Visual Studio 15
VisualStudioVersion = 15.0.28307.572
MinimumVisualStudioVersion = 10.0.40219.1
Project("{FAE04EC0-301F-11D3-BF4B-00C04F79EFBC}") = "Readers", "Readers\Readers.csproj", "{3C21E988-9239-4EDE-ADC6-14E6F42D12BE}"
EndProject
Project("{FAE04EC0-301F-11D3-BF4B-00C04F79EFBC}") = "Friends_FromDBToObj", "Friends_FromDBToObj\Friends_FromDBToObj.csproj", "{42B7BB9A-B6DB-4B42-A304-2FAFC5FA385C}"
EndProject
Project("{FAE04EC0-301F-11D3-BF4B-00C04F79EFBC}") = "Friends_FromDBToObj_B", "Friends_FromDBToObj_B\Friends_FromDBToObj_B.csproj", "{1D7A5368-79FD-4BA9-B623-A99162CC400D}"
EndProject
Global
	GlobalSection(SolutionConfigurationPlatforms) = preSolution
		Debug|Any CPU = Debug|Any CPU
		Release|Any CPU = Release|Any CPU
	EndGlobalSection
	GlobalSection(ProjectConfigurationPlatforms) = postSolution
		{3C21E988-9239-4EDE-ADC6-14E6F42D12BE}.Debug|Any CPU.ActiveCfg = Debug|Any CPU
		{3C21E988-9239-4EDE-ADC6-14E6F42D12BE}.Debug|Any CPU.Build.0 = Debug|Any CPU
		{3C21E988-9239-4EDE-ADC6-14E6F42D12BE}.Release|Any CPU.ActiveCfg = Release|Any CPU
		{3C21E988-9239-4EDE-ADC6-14E6F42D12BE}.Release|Any CPU.Build.0 = Release|Any CPU
		{42B7BB9A-B6DB-4B42-A304-2FAFC5FA385C}.Debug|Any CPU.ActiveCfg = Debug|Any CPU
		{42B7BB9A-B6DB-4B42-A304-2FAFC5FA385C}.Debug|Any CPU.Build.0 = Debug|Any CPU
		{42B7BB9A-B6DB-4B42-A304-2FAFC5FA385C}.Release|Any CPU.ActiveCfg = Release|Any CPU
		{42B7BB9A-B6DB-4B42-A304-2FAFC5FA385C}.Release|Any CPU.Build.0 = Release|Any CPU
		{1D7A5368-79FD-4BA9-B623-A99162CC400D}.Debug|Any CPU.ActiveCfg = Debug|Any CPU
		{1D7A5368-79FD-4BA9-B623-A99162CC400D}.Debug|Any CPU.Build.0 = Debug|Any CPU
		{1D7A5368-79FD-4BA9-B623-A99162CC400D}.Release|Any CPU.ActiveCfg = Release|Any CPU
		{1D7A5368-79FD-4BA9-B623-A99162CC400D}.Release|Any CPU.Build.0 = Release|Any CPU
	EndGlobalSection
	GlobalSection(SolutionProperties) = preSolution
		HideSolutionNode = FALSE
	EndGlobalSection
	GlobalSection(ExtensibilityGlobals) = postSolution
		SolutionGuid = {5D2E0387-3DC6-4AFE-90B4-6C42BB74A6E7}
	EndGlobalSection
EndGlobal
