
Microsoft Visual Studio Solution File, Format Version 12.00
# Visual Studio 15
VisualStudioVersion = 15.0.27130.2027
MinimumVisualStudioVersion = 10.0.40219.1
Project("{FAE04EC0-301F-11D3-BF4B-00C04F79EFBC}") = "CnsApp03RegistroClasse", "CnsApp03RegistroClasse\CnsApp03RegistroClasse.csproj", "{33888375-0919-4EF4-B147-E0F20069E8B3}"
EndProject
Project("{FAE04EC0-301F-11D3-BF4B-00C04F79EFBC}") = "CnsApp03Registry2", "CnsApp03Registry2\CnsApp03Registry2.csproj", "{4A055C8D-F9A6-4CCA-B0C7-02C259B7AE99}"
EndProject
Global
	GlobalSection(SolutionConfigurationPlatforms) = preSolution
		Debug|Any CPU = Debug|Any CPU
		Release|Any CPU = Release|Any CPU
	EndGlobalSection
	GlobalSection(ProjectConfigurationPlatforms) = postSolution
		{33888375-0919-4EF4-B147-E0F20069E8B3}.Debug|Any CPU.ActiveCfg = Debug|Any CPU
		{33888375-0919-4EF4-B147-E0F20069E8B3}.Debug|Any CPU.Build.0 = Debug|Any CPU
		{33888375-0919-4EF4-B147-E0F20069E8B3}.Release|Any CPU.ActiveCfg = Release|Any CPU
		{33888375-0919-4EF4-B147-E0F20069E8B3}.Release|Any CPU.Build.0 = Release|Any CPU
		{4A055C8D-F9A6-4CCA-B0C7-02C259B7AE99}.Debug|Any CPU.ActiveCfg = Debug|Any CPU
		{4A055C8D-F9A6-4CCA-B0C7-02C259B7AE99}.Debug|Any CPU.Build.0 = Debug|Any CPU
		{4A055C8D-F9A6-4CCA-B0C7-02C259B7AE99}.Release|Any CPU.ActiveCfg = Release|Any CPU
		{4A055C8D-F9A6-4CCA-B0C7-02C259B7AE99}.Release|Any CPU.Build.0 = Release|Any CPU
	EndGlobalSection
	GlobalSection(SolutionProperties) = preSolution
		HideSolutionNode = FALSE
	EndGlobalSection
	GlobalSection(ExtensibilityGlobals) = postSolution
		SolutionGuid = {13165843-91E1-46F2-A94F-929DC9CFFEA9}
	EndGlobalSection
EndGlobal
