
Microsoft Visual Studio Solution File, Format Version 12.00
# Visual Studio 15
VisualStudioVersion = 15.0.27130.2027
MinimumVisualStudioVersion = 10.0.40219.1
Project("{9A19103F-16F7-4668-BE54-9A1E7A4F7556}") = "StarWars1_Interfaces", "StarWars1\StarWars1_Interfaces.csproj", "{A0220E3B-7E07-42B7-9820-4F4F7DE16622}"
EndProject
Project("{FAE04EC0-301F-11D3-BF4B-00C04F79EFBC}") = "StarWars2_Delegates", "StarWars2_Delegates\StarWars2_Delegates.csproj", "{B4FA2FBA-8738-4251-A4AB-D64D2F456CFC}"
EndProject
Project("{FAE04EC0-301F-11D3-BF4B-00C04F79EFBC}") = "StarWars3_Events", "StarWars3_Events\StarWars3_Events.csproj", "{09002B2C-117D-4014-B571-4A991934C4F9}"
EndProject
Global
	GlobalSection(SolutionConfigurationPlatforms) = preSolution
		Debug|Any CPU = Debug|Any CPU
		Release|Any CPU = Release|Any CPU
	EndGlobalSection
	GlobalSection(ProjectConfigurationPlatforms) = postSolution
		{A0220E3B-7E07-42B7-9820-4F4F7DE16622}.Debug|Any CPU.ActiveCfg = Debug|Any CPU
		{A0220E3B-7E07-42B7-9820-4F4F7DE16622}.Debug|Any CPU.Build.0 = Debug|Any CPU
		{A0220E3B-7E07-42B7-9820-4F4F7DE16622}.Release|Any CPU.ActiveCfg = Release|Any CPU
		{A0220E3B-7E07-42B7-9820-4F4F7DE16622}.Release|Any CPU.Build.0 = Release|Any CPU
		{B4FA2FBA-8738-4251-A4AB-D64D2F456CFC}.Debug|Any CPU.ActiveCfg = Debug|Any CPU
		{B4FA2FBA-8738-4251-A4AB-D64D2F456CFC}.Debug|Any CPU.Build.0 = Debug|Any CPU
		{B4FA2FBA-8738-4251-A4AB-D64D2F456CFC}.Release|Any CPU.ActiveCfg = Release|Any CPU
		{B4FA2FBA-8738-4251-A4AB-D64D2F456CFC}.Release|Any CPU.Build.0 = Release|Any CPU
		{09002B2C-117D-4014-B571-4A991934C4F9}.Debug|Any CPU.ActiveCfg = Debug|Any CPU
		{09002B2C-117D-4014-B571-4A991934C4F9}.Debug|Any CPU.Build.0 = Debug|Any CPU
		{09002B2C-117D-4014-B571-4A991934C4F9}.Release|Any CPU.ActiveCfg = Release|Any CPU
		{09002B2C-117D-4014-B571-4A991934C4F9}.Release|Any CPU.Build.0 = Release|Any CPU
	EndGlobalSection
	GlobalSection(SolutionProperties) = preSolution
		HideSolutionNode = FALSE
	EndGlobalSection
	GlobalSection(ExtensibilityGlobals) = postSolution
		SolutionGuid = {0331BC58-89D6-4942-9A4B-D9AA38E3A134}
	EndGlobalSection
EndGlobal
