
Microsoft Visual Studio Solution File, Format Version 12.00
# Visual Studio 15
VisualStudioVersion = 15.0.27130.2027
MinimumVisualStudioVersion = 10.0.40219.1
Project("{FAE04EC0-301F-11D3-BF4B-00C04F79EFBC}") = "P19_Web_Dynamic_03_Strings", "P19_Web_Dynamic_03_Strings\P19_Web_Dynamic_03_Strings.csproj", "{441407E9-9902-4473-AD90-B96C7935A612}"
EndProject
Global
	GlobalSection(SolutionConfigurationPlatforms) = preSolution
		Debug|Any CPU = Debug|Any CPU
		Release|Any CPU = Release|Any CPU
	EndGlobalSection
	GlobalSection(ProjectConfigurationPlatforms) = postSolution
		{441407E9-9902-4473-AD90-B96C7935A612}.Debug|Any CPU.ActiveCfg = Debug|Any CPU
		{441407E9-9902-4473-AD90-B96C7935A612}.Debug|Any CPU.Build.0 = Debug|Any CPU
		{441407E9-9902-4473-AD90-B96C7935A612}.Release|Any CPU.ActiveCfg = Release|Any CPU
		{441407E9-9902-4473-AD90-B96C7935A612}.Release|Any CPU.Build.0 = Release|Any CPU
	EndGlobalSection
	GlobalSection(SolutionProperties) = preSolution
		HideSolutionNode = FALSE
	EndGlobalSection
	GlobalSection(ExtensibilityGlobals) = postSolution
		SolutionGuid = {64F2DBAF-85A9-4086-AF3F-0169B9AF1531}
	EndGlobalSection
EndGlobal
