
Microsoft Visual Studio Solution File, Format Version 12.00
# Visual Studio 15
VisualStudioVersion = 15.0.27130.2027
MinimumVisualStudioVersion = 10.0.40219.1
Project("{FAE04EC0-301F-11D3-BF4B-00C04F79EFBC}") = "CnsApp01", "CnsApp01\CnsApp01.csproj", "{F6FC246E-6BCF-49F0-8A93-EB1B34FD6B70}"
EndProject
Project("{FAE04EC0-301F-11D3-BF4B-00C04F79EFBC}") = "CnsApp01_2", "CnsApp01_2\CnsApp01_2.csproj", "{FB801EA2-A528-47B7-A037-506C4479313A}"
EndProject
Project("{FAE04EC0-301F-11D3-BF4B-00C04F79EFBC}") = "CnsApp01_3", "CnsApp01_3\CnsApp01_3.csproj", "{1F389B49-6419-4A34-9D20-68DA08466FD7}"
EndProject
Global
	GlobalSection(SolutionConfigurationPlatforms) = preSolution
		Debug|Any CPU = Debug|Any CPU
		Release|Any CPU = Release|Any CPU
	EndGlobalSection
	GlobalSection(ProjectConfigurationPlatforms) = postSolution
		{F6FC246E-6BCF-49F0-8A93-EB1B34FD6B70}.Debug|Any CPU.ActiveCfg = Debug|Any CPU
		{F6FC246E-6BCF-49F0-8A93-EB1B34FD6B70}.Debug|Any CPU.Build.0 = Debug|Any CPU
		{F6FC246E-6BCF-49F0-8A93-EB1B34FD6B70}.Release|Any CPU.ActiveCfg = Release|Any CPU
		{F6FC246E-6BCF-49F0-8A93-EB1B34FD6B70}.Release|Any CPU.Build.0 = Release|Any CPU
		{FB801EA2-A528-47B7-A037-506C4479313A}.Debug|Any CPU.ActiveCfg = Debug|Any CPU
		{FB801EA2-A528-47B7-A037-506C4479313A}.Debug|Any CPU.Build.0 = Debug|Any CPU
		{FB801EA2-A528-47B7-A037-506C4479313A}.Release|Any CPU.ActiveCfg = Release|Any CPU
		{FB801EA2-A528-47B7-A037-506C4479313A}.Release|Any CPU.Build.0 = Release|Any CPU
		{1F389B49-6419-4A34-9D20-68DA08466FD7}.Debug|Any CPU.ActiveCfg = Debug|Any CPU
		{1F389B49-6419-4A34-9D20-68DA08466FD7}.Debug|Any CPU.Build.0 = Debug|Any CPU
		{1F389B49-6419-4A34-9D20-68DA08466FD7}.Release|Any CPU.ActiveCfg = Release|Any CPU
		{1F389B49-6419-4A34-9D20-68DA08466FD7}.Release|Any CPU.Build.0 = Release|Any CPU
	EndGlobalSection
	GlobalSection(SolutionProperties) = preSolution
		HideSolutionNode = FALSE
	EndGlobalSection
	GlobalSection(ExtensibilityGlobals) = postSolution
		SolutionGuid = {D133AF68-76BC-4580-BA5D-A38E184CC538}
	EndGlobalSection
EndGlobal
