
Microsoft Visual Studio Solution File, Format Version 12.00
# Visual Studio 15
VisualStudioVersion = 15.0.27130.2027
MinimumVisualStudioVersion = 10.0.40219.1
Project("{9A19103F-16F7-4668-BE54-9A1E7A4F7556}") = "SolidPrincipe0101", "SolidPrincipe0101\SolidPrincipe0101.csproj", "{FD0B7BE8-6798-45F4-9AE8-C202B15E2352}"
EndProject
Project("{FAE04EC0-301F-11D3-BF4B-00C04F79EFBC}") = "SolidPrincipe0102", "SolidPrincipe0102\SolidPrincipe0102.csproj", "{E42EBF31-B925-47D6-B944-778E3FD1887B}"
EndProject
Global
	GlobalSection(SolutionConfigurationPlatforms) = preSolution
		Debug|Any CPU = Debug|Any CPU
		Release|Any CPU = Release|Any CPU
	EndGlobalSection
	GlobalSection(ProjectConfigurationPlatforms) = postSolution
		{FD0B7BE8-6798-45F4-9AE8-C202B15E2352}.Debug|Any CPU.ActiveCfg = Debug|Any CPU
		{FD0B7BE8-6798-45F4-9AE8-C202B15E2352}.Debug|Any CPU.Build.0 = Debug|Any CPU
		{FD0B7BE8-6798-45F4-9AE8-C202B15E2352}.Release|Any CPU.ActiveCfg = Release|Any CPU
		{FD0B7BE8-6798-45F4-9AE8-C202B15E2352}.Release|Any CPU.Build.0 = Release|Any CPU
		{E42EBF31-B925-47D6-B944-778E3FD1887B}.Debug|Any CPU.ActiveCfg = Debug|Any CPU
		{E42EBF31-B925-47D6-B944-778E3FD1887B}.Debug|Any CPU.Build.0 = Debug|Any CPU
		{E42EBF31-B925-47D6-B944-778E3FD1887B}.Release|Any CPU.ActiveCfg = Release|Any CPU
		{E42EBF31-B925-47D6-B944-778E3FD1887B}.Release|Any CPU.Build.0 = Release|Any CPU
	EndGlobalSection
	GlobalSection(SolutionProperties) = preSolution
		HideSolutionNode = FALSE
	EndGlobalSection
	GlobalSection(ExtensibilityGlobals) = postSolution
		SolutionGuid = {794F8092-4480-4A27-9415-20B349329E43}
	EndGlobalSection
EndGlobal
