
Microsoft Visual Studio Solution File, Format Version 12.00
# Visual Studio 15
VisualStudioVersion = 15.0.27130.2027
MinimumVisualStudioVersion = 10.0.40219.1
Project("{9A19103F-16F7-4668-BE54-9A1E7A4F7556}") = "Solid_principles_01", "Solid_principles_01\Solid_principles_01.csproj", "{B0329515-5702-453A-BB50-661E0E12D4E3}"
EndProject
Project("{9A19103F-16F7-4668-BE54-9A1E7A4F7556}") = "Solid_Principles_02", "Solid_Principles_02\Solid_Principles_02.csproj", "{4E085C0A-DC43-4F65-86BE-23222CBADDB8}"
EndProject
Project("{9A19103F-16F7-4668-BE54-9A1E7A4F7556}") = "Solid_Principles_03", "Solid_Principles_03\Solid_Principles_03.csproj", "{5289425E-87B7-4FE9-BB30-44293E47270F}"
EndProject
Project("{9A19103F-16F7-4668-BE54-9A1E7A4F7556}") = "DepInvCon_Main", "DepInvCon_Main\DepInvCon_Main.csproj", "{76173914-FA39-4027-917B-D2AE0B02A5A4}"
EndProject
Project("{9A19103F-16F7-4668-BE54-9A1E7A4F7556}") = "DepInvCon_Contracts", "DepInvCon_Contracts\DepInvCon_Contracts.csproj", "{D604D27E-0D08-45FA-B090-E2E27F44B557}"
EndProject
Project("{9A19103F-16F7-4668-BE54-9A1E7A4F7556}") = "ConsoleIO", "ConsoleIO\ConsoleIO.csproj", "{0EBD9FDD-A8C4-4366-8C51-54CA2A70B8A2}"
EndProject
Project("{9A19103F-16F7-4668-BE54-9A1E7A4F7556}") = "DevInvCon_MathSlow", "DevInvCon_MathSlow\DevInvCon_MathSlow.csproj", "{F8211186-B48E-4E5D-ADCC-3793D22DBF76}"
EndProject
Project("{FAE04EC0-301F-11D3-BF4B-00C04F79EFBC}") = "DepInvCon_MathFast", "DepInvCon_MathFast\DepInvCon_MathFast.csproj", "{0BA1951B-3A98-4F4D-88B7-FA8F28041867}"
EndProject
Global
	GlobalSection(SolutionConfigurationPlatforms) = preSolution
		Debug|Any CPU = Debug|Any CPU
		Release|Any CPU = Release|Any CPU
	EndGlobalSection
	GlobalSection(ProjectConfigurationPlatforms) = postSolution
		{B0329515-5702-453A-BB50-661E0E12D4E3}.Debug|Any CPU.ActiveCfg = Debug|Any CPU
		{B0329515-5702-453A-BB50-661E0E12D4E3}.Debug|Any CPU.Build.0 = Debug|Any CPU
		{B0329515-5702-453A-BB50-661E0E12D4E3}.Release|Any CPU.ActiveCfg = Release|Any CPU
		{B0329515-5702-453A-BB50-661E0E12D4E3}.Release|Any CPU.Build.0 = Release|Any CPU
		{4E085C0A-DC43-4F65-86BE-23222CBADDB8}.Debug|Any CPU.ActiveCfg = Debug|Any CPU
		{4E085C0A-DC43-4F65-86BE-23222CBADDB8}.Debug|Any CPU.Build.0 = Debug|Any CPU
		{4E085C0A-DC43-4F65-86BE-23222CBADDB8}.Release|Any CPU.ActiveCfg = Release|Any CPU
		{4E085C0A-DC43-4F65-86BE-23222CBADDB8}.Release|Any CPU.Build.0 = Release|Any CPU
		{5289425E-87B7-4FE9-BB30-44293E47270F}.Debug|Any CPU.ActiveCfg = Debug|Any CPU
		{5289425E-87B7-4FE9-BB30-44293E47270F}.Debug|Any CPU.Build.0 = Debug|Any CPU
		{5289425E-87B7-4FE9-BB30-44293E47270F}.Release|Any CPU.ActiveCfg = Release|Any CPU
		{5289425E-87B7-4FE9-BB30-44293E47270F}.Release|Any CPU.Build.0 = Release|Any CPU
		{76173914-FA39-4027-917B-D2AE0B02A5A4}.Debug|Any CPU.ActiveCfg = Debug|Any CPU
		{76173914-FA39-4027-917B-D2AE0B02A5A4}.Debug|Any CPU.Build.0 = Debug|Any CPU
		{76173914-FA39-4027-917B-D2AE0B02A5A4}.Release|Any CPU.ActiveCfg = Release|Any CPU
		{76173914-FA39-4027-917B-D2AE0B02A5A4}.Release|Any CPU.Build.0 = Release|Any CPU
		{D604D27E-0D08-45FA-B090-E2E27F44B557}.Debug|Any CPU.ActiveCfg = Debug|Any CPU
		{D604D27E-0D08-45FA-B090-E2E27F44B557}.Debug|Any CPU.Build.0 = Debug|Any CPU
		{D604D27E-0D08-45FA-B090-E2E27F44B557}.Release|Any CPU.ActiveCfg = Release|Any CPU
		{D604D27E-0D08-45FA-B090-E2E27F44B557}.Release|Any CPU.Build.0 = Release|Any CPU
		{0EBD9FDD-A8C4-4366-8C51-54CA2A70B8A2}.Debug|Any CPU.ActiveCfg = Debug|Any CPU
		{0EBD9FDD-A8C4-4366-8C51-54CA2A70B8A2}.Debug|Any CPU.Build.0 = Debug|Any CPU
		{0EBD9FDD-A8C4-4366-8C51-54CA2A70B8A2}.Release|Any CPU.ActiveCfg = Release|Any CPU
		{0EBD9FDD-A8C4-4366-8C51-54CA2A70B8A2}.Release|Any CPU.Build.0 = Release|Any CPU
		{F8211186-B48E-4E5D-ADCC-3793D22DBF76}.Debug|Any CPU.ActiveCfg = Debug|Any CPU
		{F8211186-B48E-4E5D-ADCC-3793D22DBF76}.Debug|Any CPU.Build.0 = Debug|Any CPU
		{F8211186-B48E-4E5D-ADCC-3793D22DBF76}.Release|Any CPU.ActiveCfg = Release|Any CPU
		{F8211186-B48E-4E5D-ADCC-3793D22DBF76}.Release|Any CPU.Build.0 = Release|Any CPU
		{0BA1951B-3A98-4F4D-88B7-FA8F28041867}.Debug|Any CPU.ActiveCfg = Debug|Any CPU
		{0BA1951B-3A98-4F4D-88B7-FA8F28041867}.Debug|Any CPU.Build.0 = Debug|Any CPU
		{0BA1951B-3A98-4F4D-88B7-FA8F28041867}.Release|Any CPU.ActiveCfg = Release|Any CPU
		{0BA1951B-3A98-4F4D-88B7-FA8F28041867}.Release|Any CPU.Build.0 = Release|Any CPU
	EndGlobalSection
	GlobalSection(SolutionProperties) = preSolution
		HideSolutionNode = FALSE
	EndGlobalSection
	GlobalSection(ExtensibilityGlobals) = postSolution
		SolutionGuid = {12842D7C-F66F-4357-804D-235F48B5D445}
	EndGlobalSection
EndGlobal
