
Microsoft Visual Studio Solution File, Format Version 12.00
# Visual Studio 15
VisualStudioVersion = 15.0.27130.2027
MinimumVisualStudioVersion = 10.0.40219.1
Project("{FAE04EC0-301F-11D3-BF4B-00C04F79EFBC}") = "CnsApp06OOP_SurfacePerimeter", "CnsApp06OOP_SurfacePerimeter\CnsApp06OOP_SurfacePerimeter.csproj", "{9DCEF24A-9327-471D-8651-F4647364E914}"
EndProject
Global
	GlobalSection(SolutionConfigurationPlatforms) = preSolution
		Debug|Any CPU = Debug|Any CPU
		Release|Any CPU = Release|Any CPU
	EndGlobalSection
	GlobalSection(ProjectConfigurationPlatforms) = postSolution
		{9DCEF24A-9327-471D-8651-F4647364E914}.Debug|Any CPU.ActiveCfg = Debug|Any CPU
		{9DCEF24A-9327-471D-8651-F4647364E914}.Debug|Any CPU.Build.0 = Debug|Any CPU
		{9DCEF24A-9327-471D-8651-F4647364E914}.Release|Any CPU.ActiveCfg = Release|Any CPU
		{9DCEF24A-9327-471D-8651-F4647364E914}.Release|Any CPU.Build.0 = Release|Any CPU
	EndGlobalSection
	GlobalSection(SolutionProperties) = preSolution
		HideSolutionNode = FALSE
	EndGlobalSection
	GlobalSection(ExtensibilityGlobals) = postSolution
		SolutionGuid = {BC662355-DB8C-4DCF-B74D-B14D6B71CC4F}
	EndGlobalSection
EndGlobal
