
Microsoft Visual Studio Solution File, Format Version 12.00
# Visual Studio 15
VisualStudioVersion = 15.0.27130.2027
MinimumVisualStudioVersion = 10.0.40219.1
Project("{FAE04EC0-301F-11D3-BF4B-00C04F79EFBC}") = "FromInstanceToJsonXml_const", "FromInstanceToJsonXml_const\FromInstanceToJsonXml_const.csproj", "{9C9A3199-3A20-4E4A-92FE-508ABE77D4CD}"
EndProject
Global
	GlobalSection(SolutionConfigurationPlatforms) = preSolution
		Debug|Any CPU = Debug|Any CPU
		Release|Any CPU = Release|Any CPU
	EndGlobalSection
	GlobalSection(ProjectConfigurationPlatforms) = postSolution
		{9C9A3199-3A20-4E4A-92FE-508ABE77D4CD}.Debug|Any CPU.ActiveCfg = Debug|Any CPU
		{9C9A3199-3A20-4E4A-92FE-508ABE77D4CD}.Debug|Any CPU.Build.0 = Debug|Any CPU
		{9C9A3199-3A20-4E4A-92FE-508ABE77D4CD}.Release|Any CPU.ActiveCfg = Release|Any CPU
		{9C9A3199-3A20-4E4A-92FE-508ABE77D4CD}.Release|Any CPU.Build.0 = Release|Any CPU
	EndGlobalSection
	GlobalSection(SolutionProperties) = preSolution
		HideSolutionNode = FALSE
	EndGlobalSection
	GlobalSection(ExtensibilityGlobals) = postSolution
		SolutionGuid = {DF5E093C-0EBF-4E3E-94FC-CA232CC3D83D}
	EndGlobalSection
EndGlobal
