
Microsoft Visual Studio Solution File, Format Version 12.00
# Visual Studio 15
VisualStudioVersion = 15.0.27130.2027
MinimumVisualStudioVersion = 10.0.40219.1
Project("{FAE04EC0-301F-11D3-BF4B-00C04F79EFBC}") = "CnsApp18LinQExtensions", "CnsApp18LinQExtensions\CnsApp18LinQExtensions.csproj", "{4676A483-3459-4734-9D5C-46DFDB1F01FE}"
EndProject
Project("{FAE04EC0-301F-11D3-BF4B-00C04F79EFBC}") = "LinQDeferredExecution", "LinQDeferred\LinQDeferredExecution.csproj", "{6752BFDE-FB01-4AB0-87BC-E36AB94B01AD}"
EndProject
Global
	GlobalSection(SolutionConfigurationPlatforms) = preSolution
		Debug|Any CPU = Debug|Any CPU
		Release|Any CPU = Release|Any CPU
	EndGlobalSection
	GlobalSection(ProjectConfigurationPlatforms) = postSolution
		{4676A483-3459-4734-9D5C-46DFDB1F01FE}.Debug|Any CPU.ActiveCfg = Debug|Any CPU
		{4676A483-3459-4734-9D5C-46DFDB1F01FE}.Debug|Any CPU.Build.0 = Debug|Any CPU
		{4676A483-3459-4734-9D5C-46DFDB1F01FE}.Release|Any CPU.ActiveCfg = Release|Any CPU
		{4676A483-3459-4734-9D5C-46DFDB1F01FE}.Release|Any CPU.Build.0 = Release|Any CPU
		{6752BFDE-FB01-4AB0-87BC-E36AB94B01AD}.Debug|Any CPU.ActiveCfg = Debug|Any CPU
		{6752BFDE-FB01-4AB0-87BC-E36AB94B01AD}.Debug|Any CPU.Build.0 = Debug|Any CPU
		{6752BFDE-FB01-4AB0-87BC-E36AB94B01AD}.Release|Any CPU.ActiveCfg = Release|Any CPU
		{6752BFDE-FB01-4AB0-87BC-E36AB94B01AD}.Release|Any CPU.Build.0 = Release|Any CPU
	EndGlobalSection
	GlobalSection(SolutionProperties) = preSolution
		HideSolutionNode = FALSE
	EndGlobalSection
	GlobalSection(ExtensibilityGlobals) = postSolution
		SolutionGuid = {5EA64BE8-4A5D-4073-A96F-05726B82BCCA}
	EndGlobalSection
EndGlobal
