
Microsoft Visual Studio Solution File, Format Version 12.00
# Visual Studio 15
VisualStudioVersion = 15.0.28307.572
MinimumVisualStudioVersion = 10.0.40219.1
Project("{FAE04EC0-301F-11D3-BF4B-00C04F79EFBC}") = "Web02Mvc01Heroes", "Web02Mvc01Heroes\Web02Mvc01Heroes.csproj", "{A479A0FE-012C-41A9-90C2-BEDF7B78A6CF}"
EndProject
Global
	GlobalSection(SolutionConfigurationPlatforms) = preSolution
		Debug|Any CPU = Debug|Any CPU
		Release|Any CPU = Release|Any CPU
	EndGlobalSection
	GlobalSection(ProjectConfigurationPlatforms) = postSolution
		{A479A0FE-012C-41A9-90C2-BEDF7B78A6CF}.Debug|Any CPU.ActiveCfg = Debug|Any CPU
		{A479A0FE-012C-41A9-90C2-BEDF7B78A6CF}.Debug|Any CPU.Build.0 = Debug|Any CPU
		{A479A0FE-012C-41A9-90C2-BEDF7B78A6CF}.Release|Any CPU.ActiveCfg = Release|Any CPU
		{A479A0FE-012C-41A9-90C2-BEDF7B78A6CF}.Release|Any CPU.Build.0 = Release|Any CPU
	EndGlobalSection
	GlobalSection(SolutionProperties) = preSolution
		HideSolutionNode = FALSE
	EndGlobalSection
	GlobalSection(ExtensibilityGlobals) = postSolution
		SolutionGuid = {E599561D-F8C8-406A-83D9-3C72B1FF516C}
	EndGlobalSection
EndGlobal
