
Microsoft Visual Studio Solution File, Format Version 12.00
# Visual Studio 15
VisualStudioVersion = 15.0.28307.572
MinimumVisualStudioVersion = 10.0.40219.1
Project("{FAE04EC0-301F-11D3-BF4B-00C04F79EFBC}") = "P1803WPFCncrrnt", "P1803WPFCncrrnt\P1803WPFCncrrnt.csproj", "{C5A1CB4E-5A87-4764-BC42-927597FD616E}"
EndProject
Global
	GlobalSection(SolutionConfigurationPlatforms) = preSolution
		Debug|Any CPU = Debug|Any CPU
		Release|Any CPU = Release|Any CPU
	EndGlobalSection
	GlobalSection(ProjectConfigurationPlatforms) = postSolution
		{C5A1CB4E-5A87-4764-BC42-927597FD616E}.Debug|Any CPU.ActiveCfg = Debug|Any CPU
		{C5A1CB4E-5A87-4764-BC42-927597FD616E}.Debug|Any CPU.Build.0 = Debug|Any CPU
		{C5A1CB4E-5A87-4764-BC42-927597FD616E}.Release|Any CPU.ActiveCfg = Release|Any CPU
		{C5A1CB4E-5A87-4764-BC42-927597FD616E}.Release|Any CPU.Build.0 = Release|Any CPU
	EndGlobalSection
	GlobalSection(SolutionProperties) = preSolution
		HideSolutionNode = FALSE
	EndGlobalSection
	GlobalSection(ExtensibilityGlobals) = postSolution
		SolutionGuid = {EF564FC0-7CBE-4818-A8B0-F95E91BBEB8C}
	EndGlobalSection
EndGlobal
